// !$*UTF8*$!
{
	archiveVersion = 1;
	classes = {
	};
	objectVersion = 56;
	objects = {

/* Begin PBXBuildFile section */
		A196BE5129493A18002A7C69 /* AppDelegate.swift in Sources */ = {isa = PBXBuildFile; fileRef = A196BE5029493A18002A7C69 /* AppDelegate.swift */; };
		A196BE5329493A18002A7C69 /* SceneDelegate.swift in Sources */ = {isa = PBXBuildFile; fileRef = A196BE5229493A18002A7C69 /* SceneDelegate.swift */; };
		A196BE5529493A18002A7C69 /* ViewController.swift in Sources */ = {isa = PBXBuildFile; fileRef = A196BE5429493A18002A7C69 /* ViewController.swift */; };
		A196BE5829493A18002A7C69 /* Main.storyboard in Resources */ = {isa = PBXBuildFile; fileRef = A196BE5629493A18002A7C69 /* Main.storyboard */; };
		A196BE5B29493A18002A7C69 /* Phone_Jail.xcdatamodeld in Sources */ = {isa = PBXBuildFile; fileRef = A196BE5929493A18002A7C69 /* Phone_Jail.xcdatamodeld */; };
		A196BE5D29493A19002A7C69 /* Assets.xcassets in Resources */ = {isa = PBXBuildFile; fileRef = A196BE5C29493A19002A7C69 /* Assets.xcassets */; };
		A196BE6029493A19002A7C69 /* LaunchScreen.storyboard in Resources */ = {isa = PBXBuildFile; fileRef = A196BE5E29493A19002A7C69 /* LaunchScreen.storyboard */; };
		A196BE6B29493A19002A7C69 /* Phone_JailTests.swift in Sources */ = {isa = PBXBuildFile; fileRef = A196BE6A29493A19002A7C69 /* Phone_JailTests.swift */; };
		A196BE7529493A19002A7C69 /* Phone_JailUITests.swift in Sources */ = {isa = PBXBuildFile; fileRef = A196BE7429493A19002A7C69 /* Phone_JailUITests.swift */; };
		A196BE7729493A19002A7C69 /* Phone_JailUITestsLaunchTests.swift in Sources */ = {isa = PBXBuildFile; fileRef = A196BE7629493A19002A7C69 /* Phone_JailUITestsLaunchTests.swift */; };
		A196BE8C29493A9B002A7C69 /* MainViewController.swift in Sources */ = {isa = PBXBuildFile; fileRef = A196BE8529493A9A002A7C69 /* MainViewController.swift */; };
		A196BE8D29493A9B002A7C69 /* CreatePJSessionViewController.swift in Sources */ = {isa = PBXBuildFile; fileRef = A196BE8629493A9A002A7C69 /* CreatePJSessionViewController.swift */; };
		A196BE8E29493A9B002A7C69 /* SignUpViewController.swift in Sources */ = {isa = PBXBuildFile; fileRef = A196BE8729493A9A002A7C69 /* SignUpViewController.swift */; };
		A196BE8F29493A9B002A7C69 /* FirstViewController.swift in Sources */ = {isa = PBXBuildFile; fileRef = A196BE8829493A9B002A7C69 /* FirstViewController.swift */; };
		A196BE9029493A9B002A7C69 /* JoinSessionViewController.swift in Sources */ = {isa = PBXBuildFile; fileRef = A196BE8929493A9B002A7C69 /* JoinSessionViewController.swift */; };
		A196BE9129493A9B002A7C69 /* JailViewController.swift in Sources */ = {isa = PBXBuildFile; fileRef = A196BE8A29493A9B002A7C69 /* JailViewController.swift */; };
		A196BE9229493A9B002A7C69 /* AddJailMatesViewController.swift in Sources */ = {isa = PBXBuildFile; fileRef = A196BE8B29493A9B002A7C69 /* AddJailMatesViewController.swift */; };
		A196BEA429493B0D002A7C69 /* CentralBTDelegateProtocol.swift in Sources */ = {isa = PBXBuildFile; fileRef = A196BEA329493B0D002A7C69 /* CentralBTDelegateProtocol.swift */; };
		A196BEA729493B62002A7C69 /* CentralBTManager.swift in Sources */ = {isa = PBXBuildFile; fileRef = A196BEA529493B62002A7C69 /* CentralBTManager.swift */; };
		A196BEA829493B62002A7C69 /* PeripheralBTManager.swift in Sources */ = {isa = PBXBuildFile; fileRef = A196BEA629493B62002A7C69 /* PeripheralBTManager.swift */; };
		A196BEAC29493B6A002A7C69 /* Keychain.swift in Sources */ = {isa = PBXBuildFile; fileRef = A196BEA929493B6A002A7C69 /* Keychain.swift */; };
		A196BEAD29493B6A002A7C69 /* PJSession.swift in Sources */ = {isa = PBXBuildFile; fileRef = A196BEAA29493B6A002A7C69 /* PJSession.swift */; };
		A196BEAE29493B6A002A7C69 /* PJUser.swift in Sources */ = {isa = PBXBuildFile; fileRef = A196BEAB29493B6A002A7C69 /* PJUser.swift */; };
		A196BEB029493B71002A7C69 /* PJUserTableViewCell.swift in Sources */ = {isa = PBXBuildFile; fileRef = A196BEAF29493B70002A7C69 /* PJUserTableViewCell.swift */; };
		A196BEB329493C4B002A7C69 /* Resources.swift in Sources */ = {isa = PBXBuildFile; fileRef = A196BEB229493C4B002A7C69 /* Resources.swift */; };
		D52ED4F6D1AEF8B462645287 /* Pods_Phone_Jail.framework in Frameworks */ = {isa = PBXBuildFile; fileRef = 9C4682B78A4002DB95604124 /* Pods_Phone_Jail.framework */; };
/* End PBXBuildFile section */

/* Begin PBXContainerItemProxy section */
		A196BE6729493A19002A7C69 /* PBXContainerItemProxy */ = {
			isa = PBXContainerItemProxy;
			containerPortal = A196BE4529493A18002A7C69 /* Project object */;
			proxyType = 1;
			remoteGlobalIDString = A196BE4C29493A18002A7C69;
			remoteInfo = "Phone Jail";
		};
		A196BE7129493A19002A7C69 /* PBXContainerItemProxy */ = {
			isa = PBXContainerItemProxy;
			containerPortal = A196BE4529493A18002A7C69 /* Project object */;
			proxyType = 1;
			remoteGlobalIDString = A196BE4C29493A18002A7C69;
			remoteInfo = "Phone Jail";
		};
/* End PBXContainerItemProxy section */

/* Begin PBXFileReference section */
		92D55EEB2F721323EBD5739A /* Pods-Phone Jail.release.xcconfig */ = {isa = PBXFileReference; includeInIndex = 1; lastKnownFileType = text.xcconfig; name = "Pods-Phone Jail.release.xcconfig"; path = "Target Support Files/Pods-Phone Jail/Pods-Phone Jail.release.xcconfig"; sourceTree = "<group>"; };
		9C4682B78A4002DB95604124 /* Pods_Phone_Jail.framework */ = {isa = PBXFileReference; explicitFileType = wrapper.framework; includeInIndex = 0; path = Pods_Phone_Jail.framework; sourceTree = BUILT_PRODUCTS_DIR; };
		A196BE4D29493A18002A7C69 /* Phone Jail.app */ = {isa = PBXFileReference; explicitFileType = wrapper.application; includeInIndex = 0; path = "Phone Jail.app"; sourceTree = BUILT_PRODUCTS_DIR; };
		A196BE5029493A18002A7C69 /* AppDelegate.swift */ = {isa = PBXFileReference; lastKnownFileType = sourcecode.swift; path = AppDelegate.swift; sourceTree = "<group>"; };
		A196BE5229493A18002A7C69 /* SceneDelegate.swift */ = {isa = PBXFileReference; lastKnownFileType = sourcecode.swift; path = SceneDelegate.swift; sourceTree = "<group>"; };
		A196BE5429493A18002A7C69 /* ViewController.swift */ = {isa = PBXFileReference; lastKnownFileType = sourcecode.swift; path = ViewController.swift; sourceTree = "<group>"; };
		A196BE5729493A18002A7C69 /* Base */ = {isa = PBXFileReference; lastKnownFileType = file.storyboard; name = Base; path = Base.lproj/Main.storyboard; sourceTree = "<group>"; };
		A196BE5A29493A18002A7C69 /* Phone_Jail.xcdatamodel */ = {isa = PBXFileReference; lastKnownFileType = wrapper.xcdatamodel; path = Phone_Jail.xcdatamodel; sourceTree = "<group>"; };
		A196BE5C29493A19002A7C69 /* Assets.xcassets */ = {isa = PBXFileReference; lastKnownFileType = folder.assetcatalog; path = Assets.xcassets; sourceTree = "<group>"; };
		A196BE5F29493A19002A7C69 /* Base */ = {isa = PBXFileReference; lastKnownFileType = file.storyboard; name = Base; path = Base.lproj/LaunchScreen.storyboard; sourceTree = "<group>"; };
		A196BE6129493A19002A7C69 /* Info.plist */ = {isa = PBXFileReference; lastKnownFileType = text.plist.xml; path = Info.plist; sourceTree = "<group>"; };
		A196BE6629493A19002A7C69 /* Phone JailTests.xctest */ = {isa = PBXFileReference; explicitFileType = wrapper.cfbundle; includeInIndex = 0; path = "Phone JailTests.xctest"; sourceTree = BUILT_PRODUCTS_DIR; };
		A196BE6A29493A19002A7C69 /* Phone_JailTests.swift */ = {isa = PBXFileReference; lastKnownFileType = sourcecode.swift; path = Phone_JailTests.swift; sourceTree = "<group>"; };
		A196BE7029493A19002A7C69 /* Phone JailUITests.xctest */ = {isa = PBXFileReference; explicitFileType = wrapper.cfbundle; includeInIndex = 0; path = "Phone JailUITests.xctest"; sourceTree = BUILT_PRODUCTS_DIR; };
		A196BE7429493A19002A7C69 /* Phone_JailUITests.swift */ = {isa = PBXFileReference; lastKnownFileType = sourcecode.swift; path = Phone_JailUITests.swift; sourceTree = "<group>"; };
		A196BE7629493A19002A7C69 /* Phone_JailUITestsLaunchTests.swift */ = {isa = PBXFileReference; lastKnownFileType = sourcecode.swift; path = Phone_JailUITestsLaunchTests.swift; sourceTree = "<group>"; };
		A196BE8529493A9A002A7C69 /* MainViewController.swift */ = {isa = PBXFileReference; fileEncoding = 4; lastKnownFileType = sourcecode.swift; path = MainViewController.swift; sourceTree = "<group>"; };
		A196BE8629493A9A002A7C69 /* CreatePJSessionViewController.swift */ = {isa = PBXFileReference; fileEncoding = 4; lastKnownFileType = sourcecode.swift; path = CreatePJSessionViewController.swift; sourceTree = "<group>"; };
		A196BE8729493A9A002A7C69 /* SignUpViewController.swift */ = {isa = PBXFileReference; fileEncoding = 4; lastKnownFileType = sourcecode.swift; path = SignUpViewController.swift; sourceTree = "<group>"; };
		A196BE8829493A9B002A7C69 /* FirstViewController.swift */ = {isa = PBXFileReference; fileEncoding = 4; lastKnownFileType = sourcecode.swift; path = FirstViewController.swift; sourceTree = "<group>"; };
		A196BE8929493A9B002A7C69 /* JoinSessionViewController.swift */ = {isa = PBXFileReference; fileEncoding = 4; lastKnownFileType = sourcecode.swift; path = JoinSessionViewController.swift; sourceTree = "<group>"; };
		A196BE8A29493A9B002A7C69 /* JailViewController.swift */ = {isa = PBXFileReference; fileEncoding = 4; lastKnownFileType = sourcecode.swift; path = JailViewController.swift; sourceTree = "<group>"; };
		A196BE8B29493A9B002A7C69 /* AddJailMatesViewController.swift */ = {isa = PBXFileReference; fileEncoding = 4; lastKnownFileType = sourcecode.swift; path = AddJailMatesViewController.swift; sourceTree = "<group>"; };
		A196BEA329493B0D002A7C69 /* CentralBTDelegateProtocol.swift */ = {isa = PBXFileReference; fileEncoding = 4; lastKnownFileType = sourcecode.swift; path = CentralBTDelegateProtocol.swift; sourceTree = "<group>"; };
		A196BEA529493B62002A7C69 /* CentralBTManager.swift */ = {isa = PBXFileReference; fileEncoding = 4; lastKnownFileType = sourcecode.swift; path = CentralBTManager.swift; sourceTree = "<group>"; };
		A196BEA629493B62002A7C69 /* PeripheralBTManager.swift */ = {isa = PBXFileReference; fileEncoding = 4; lastKnownFileType = sourcecode.swift; path = PeripheralBTManager.swift; sourceTree = "<group>"; };
		A196BEA929493B6A002A7C69 /* Keychain.swift */ = {isa = PBXFileReference; fileEncoding = 4; lastKnownFileType = sourcecode.swift; path = Keychain.swift; sourceTree = "<group>"; };
		A196BEAA29493B6A002A7C69 /* PJSession.swift */ = {isa = PBXFileReference; fileEncoding = 4; lastKnownFileType = sourcecode.swift; path = PJSession.swift; sourceTree = "<group>"; };
		A196BEAB29493B6A002A7C69 /* PJUser.swift */ = {isa = PBXFileReference; fileEncoding = 4; lastKnownFileType = sourcecode.swift; path = PJUser.swift; sourceTree = "<group>"; };
		A196BEAF29493B70002A7C69 /* PJUserTableViewCell.swift */ = {isa = PBXFileReference; fileEncoding = 4; lastKnownFileType = sourcecode.swift; path = PJUserTableViewCell.swift; sourceTree = "<group>"; };
		A196BEB129493B7D002A7C69 /* Phone Jail.entitlements */ = {isa = PBXFileReference; lastKnownFileType = text.plist.entitlements; path = "Phone Jail.entitlements"; sourceTree = "<group>"; };
		A196BEB229493C4B002A7C69 /* Resources.swift */ = {isa = PBXFileReference; fileEncoding = 4; lastKnownFileType = sourcecode.swift; path = Resources.swift; sourceTree = "<group>"; };
		B97C211AE9458C220B6DBC80 /* Pods-Phone Jail.debug.xcconfig */ = {isa = PBXFileReference; includeInIndex = 1; lastKnownFileType = text.xcconfig; name = "Pods-Phone Jail.debug.xcconfig"; path = "Target Support Files/Pods-Phone Jail/Pods-Phone Jail.debug.xcconfig"; sourceTree = "<group>"; };
/* End PBXFileReference section */

/* Begin PBXFrameworksBuildPhase section */
		A196BE4A29493A18002A7C69 /* Frameworks */ = {
			isa = PBXFrameworksBuildPhase;
			buildActionMask = 2147483647;
			files = (
				D52ED4F6D1AEF8B462645287 /* Pods_Phone_Jail.framework in Frameworks */,
			);
			runOnlyForDeploymentPostprocessing = 0;
		};
		A196BE6329493A19002A7C69 /* Frameworks */ = {
			isa = PBXFrameworksBuildPhase;
			buildActionMask = 2147483647;
			files = (
			);
			runOnlyForDeploymentPostprocessing = 0;
		};
		A196BE6D29493A19002A7C69 /* Frameworks */ = {
			isa = PBXFrameworksBuildPhase;
			buildActionMask = 2147483647;
			files = (
			);
			runOnlyForDeploymentPostprocessing = 0;
		};
/* End PBXFrameworksBuildPhase section */

/* Begin PBXGroup section */
		0681860BFAD38B7BF385A555 /* Pods */ = {
			isa = PBXGroup;
			children = (
				B97C211AE9458C220B6DBC80 /* Pods-Phone Jail.debug.xcconfig */,
				92D55EEB2F721323EBD5739A /* Pods-Phone Jail.release.xcconfig */,
			);
			path = Pods;
			sourceTree = "<group>";
		};
		A196BE4429493A18002A7C69 = {
			isa = PBXGroup;
			children = (
				A196BE4F29493A18002A7C69 /* Phone Jail */,
				A196BE6929493A19002A7C69 /* Phone JailTests */,
				A196BE7329493A19002A7C69 /* Phone JailUITests */,
				A196BE4E29493A18002A7C69 /* Products */,
				0681860BFAD38B7BF385A555 /* Pods */,
				C9D50D1EA24B196C492A9A3E /* Frameworks */,
			);
			sourceTree = "<group>";
		};
		A196BE4E29493A18002A7C69 /* Products */ = {
			isa = PBXGroup;
			children = (
				A196BE4D29493A18002A7C69 /* Phone Jail.app */,
				A196BE6629493A19002A7C69 /* Phone JailTests.xctest */,
				A196BE7029493A19002A7C69 /* Phone JailUITests.xctest */,
			);
			name = Products;
			sourceTree = "<group>";
		};
		A196BE4F29493A18002A7C69 /* Phone Jail */ = {
			isa = PBXGroup;
			children = (
				A196BEB129493B7D002A7C69 /* Phone Jail.entitlements */,
				A196BEA229493AED002A7C69 /* Protocol */,
				A196BE8329493A76002A7C69 /* Classes */,
				A196BE5029493A18002A7C69 /* AppDelegate.swift */,
				A196BE5229493A18002A7C69 /* SceneDelegate.swift */,
				A196BE5429493A18002A7C69 /* ViewController.swift */,
				A196BE5629493A18002A7C69 /* Main.storyboard */,
				A196BE5C29493A19002A7C69 /* Assets.xcassets */,
				A196BE5E29493A19002A7C69 /* LaunchScreen.storyboard */,
				A196BE6129493A19002A7C69 /* Info.plist */,
				A196BE5929493A18002A7C69 /* Phone_Jail.xcdatamodeld */,
				A196BEB229493C4B002A7C69 /* Resources.swift */,
			);
			path = "Phone Jail";
			sourceTree = "<group>";
		};
		A196BE6929493A19002A7C69 /* Phone JailTests */ = {
			isa = PBXGroup;
			children = (
				A196BE6A29493A19002A7C69 /* Phone_JailTests.swift */,
			);
			path = "Phone JailTests";
			sourceTree = "<group>";
		};
		A196BE7329493A19002A7C69 /* Phone JailUITests */ = {
			isa = PBXGroup;
			children = (
				A196BE7429493A19002A7C69 /* Phone_JailUITests.swift */,
				A196BE7629493A19002A7C69 /* Phone_JailUITestsLaunchTests.swift */,
			);
			path = "Phone JailUITests";
			sourceTree = "<group>";
		};
		A196BE8329493A76002A7C69 /* Classes */ = {
			isa = PBXGroup;
			children = (
				A196BE9D29493AD6002A7C69 /* BTManagers */,
				A196BE9629493ABE002A7C69 /* Core */,
				A196BE9329493AAF002A7C69 /* TableViewCells */,
				A196BE8429493A83002A7C69 /* ViewControllers */,
			);
			path = Classes;
			sourceTree = "<group>";
		};
		A196BE8429493A83002A7C69 /* ViewControllers */ = {
			isa = PBXGroup;
			children = (
				A196BE8B29493A9B002A7C69 /* AddJailMatesViewController.swift */,
				A196BE8629493A9A002A7C69 /* CreatePJSessionViewController.swift */,
				A196BE8829493A9B002A7C69 /* FirstViewController.swift */,
				A196BE8A29493A9B002A7C69 /* JailViewController.swift */,
				A196BE8929493A9B002A7C69 /* JoinSessionViewController.swift */,
				A196BE8529493A9A002A7C69 /* MainViewController.swift */,
				A196BE8729493A9A002A7C69 /* SignUpViewController.swift */,
			);
			path = ViewControllers;
			sourceTree = "<group>";
		};
		A196BE9329493AAF002A7C69 /* TableViewCells */ = {
			isa = PBXGroup;
			children = (
				A196BEAF29493B70002A7C69 /* PJUserTableViewCell.swift */,
			);
			path = TableViewCells;
			sourceTree = "<group>";
		};
		A196BE9629493ABE002A7C69 /* Core */ = {
			isa = PBXGroup;
			children = (
				A196BEA929493B6A002A7C69 /* Keychain.swift */,
				A196BEAA29493B6A002A7C69 /* PJSession.swift */,
				A196BEAB29493B6A002A7C69 /* PJUser.swift */,
			);
			path = Core;
			sourceTree = "<group>";
		};
		A196BE9D29493AD6002A7C69 /* BTManagers */ = {
			isa = PBXGroup;
			children = (
				A196BEA529493B62002A7C69 /* CentralBTManager.swift */,
				A196BEA629493B62002A7C69 /* PeripheralBTManager.swift */,
			);
			path = BTManagers;
			sourceTree = "<group>";
		};
		A196BEA229493AED002A7C69 /* Protocol */ = {
			isa = PBXGroup;
			children = (
				A196BEA329493B0D002A7C69 /* CentralBTDelegateProtocol.swift */,
			);
			path = Protocol;
			sourceTree = "<group>";
		};
		C9D50D1EA24B196C492A9A3E /* Frameworks */ = {
			isa = PBXGroup;
			children = (
				9C4682B78A4002DB95604124 /* Pods_Phone_Jail.framework */,
			);
			name = Frameworks;
			sourceTree = "<group>";
		};
/* End PBXGroup section */

/* Begin PBXNativeTarget section */
		A196BE4C29493A18002A7C69 /* Phone Jail */ = {
			isa = PBXNativeTarget;
			buildConfigurationList = A196BE7A29493A19002A7C69 /* Build configuration list for PBXNativeTarget "Phone Jail" */;
			buildPhases = (
				6BA041645F246965B67A5FE3 /* [CP] Check Pods Manifest.lock */,
				A196BE4929493A18002A7C69 /* Sources */,
				A196BE4A29493A18002A7C69 /* Frameworks */,
				A196BE4B29493A18002A7C69 /* Resources */,
				0218D809F8B574D56C232C39 /* [CP] Embed Pods Frameworks */,
			);
			buildRules = (
			);
			dependencies = (
			);
			name = "Phone Jail";
			productName = "Phone Jail";
			productReference = A196BE4D29493A18002A7C69 /* Phone Jail.app */;
			productType = "com.apple.product-type.application";
		};
		A196BE6529493A19002A7C69 /* Phone JailTests */ = {
			isa = PBXNativeTarget;
			buildConfigurationList = A196BE7D29493A19002A7C69 /* Build configuration list for PBXNativeTarget "Phone JailTests" */;
			buildPhases = (
				A196BE6229493A19002A7C69 /* Sources */,
				A196BE6329493A19002A7C69 /* Frameworks */,
				A196BE6429493A19002A7C69 /* Resources */,
			);
			buildRules = (
			);
			dependencies = (
				A196BE6829493A19002A7C69 /* PBXTargetDependency */,
			);
			name = "Phone JailTests";
			productName = "Phone JailTests";
			productReference = A196BE6629493A19002A7C69 /* Phone JailTests.xctest */;
			productType = "com.apple.product-type.bundle.unit-test";
		};
		A196BE6F29493A19002A7C69 /* Phone JailUITests */ = {
			isa = PBXNativeTarget;
			buildConfigurationList = A196BE8029493A19002A7C69 /* Build configuration list for PBXNativeTarget "Phone JailUITests" */;
			buildPhases = (
				A196BE6C29493A19002A7C69 /* Sources */,
				A196BE6D29493A19002A7C69 /* Frameworks */,
				A196BE6E29493A19002A7C69 /* Resources */,
			);
			buildRules = (
			);
			dependencies = (
				A196BE7229493A19002A7C69 /* PBXTargetDependency */,
			);
			name = "Phone JailUITests";
			productName = "Phone JailUITests";
			productReference = A196BE7029493A19002A7C69 /* Phone JailUITests.xctest */;
			productType = "com.apple.product-type.bundle.ui-testing";
		};
/* End PBXNativeTarget section */

/* Begin PBXProject section */
		A196BE4529493A18002A7C69 /* Project object */ = {
			isa = PBXProject;
			attributes = {
				BuildIndependentTargetsInParallel = 1;
				LastSwiftUpdateCheck = 1410;
				LastUpgradeCheck = 1410;
				TargetAttributes = {
					A196BE4C29493A18002A7C69 = {
						CreatedOnToolsVersion = 14.1;
					};
					A196BE6529493A19002A7C69 = {
						CreatedOnToolsVersion = 14.1;
						TestTargetID = A196BE4C29493A18002A7C69;
					};
					A196BE6F29493A19002A7C69 = {
						CreatedOnToolsVersion = 14.1;
						TestTargetID = A196BE4C29493A18002A7C69;
					};
				};
			};
			buildConfigurationList = A196BE4829493A18002A7C69 /* Build configuration list for PBXProject "Phone Jail" */;
			compatibilityVersion = "Xcode 14.0";
			developmentRegion = en;
			hasScannedForEncodings = 0;
			knownRegions = (
				en,
				Base,
			);
			mainGroup = A196BE4429493A18002A7C69;
			productRefGroup = A196BE4E29493A18002A7C69 /* Products */;
			projectDirPath = "";
			projectRoot = "";
			targets = (
				A196BE4C29493A18002A7C69 /* Phone Jail */,
				A196BE6529493A19002A7C69 /* Phone JailTests */,
				A196BE6F29493A19002A7C69 /* Phone JailUITests */,
			);
		};
/* End PBXProject section */

/* Begin PBXResourcesBuildPhase section */
		A196BE4B29493A18002A7C69 /* Resources */ = {
			isa = PBXResourcesBuildPhase;
			buildActionMask = 2147483647;
			files = (
				A196BE6029493A19002A7C69 /* LaunchScreen.storyboard in Resources */,
				A196BE5D29493A19002A7C69 /* Assets.xcassets in Resources */,
				A196BE5829493A18002A7C69 /* Main.storyboard in Resources */,
			);
			runOnlyForDeploymentPostprocessing = 0;
		};
		A196BE6429493A19002A7C69 /* Resources */ = {
			isa = PBXResourcesBuildPhase;
			buildActionMask = 2147483647;
			files = (
			);
			runOnlyForDeploymentPostprocessing = 0;
		};
		A196BE6E29493A19002A7C69 /* Resources */ = {
			isa = PBXResourcesBuildPhase;
			buildActionMask = 2147483647;
			files = (
			);
			runOnlyForDeploymentPostprocessing = 0;
		};
/* End PBXResourcesBuildPhase section */

/* Begin PBXShellScriptBuildPhase section */
		0218D809F8B574D56C232C39 /* [CP] Embed Pods Frameworks */ = {
			isa = PBXShellScriptBuildPhase;
			buildActionMask = 2147483647;
			files = (
			);
			inputFileListPaths = (
				"${PODS_ROOT}/Target Support Files/Pods-Phone Jail/Pods-Phone Jail-frameworks-${CONFIGURATION}-input-files.xcfilelist",
			);
			name = "[CP] Embed Pods Frameworks";
			outputFileListPaths = (
				"${PODS_ROOT}/Target Support Files/Pods-Phone Jail/Pods-Phone Jail-frameworks-${CONFIGURATION}-output-files.xcfilelist",
			);
			runOnlyForDeploymentPostprocessing = 0;
			shellPath = /bin/sh;
			shellScript = "\"${PODS_ROOT}/Target Support Files/Pods-Phone Jail/Pods-Phone Jail-frameworks.sh\"\n";
			showEnvVarsInLog = 0;
		};
		6BA041645F246965B67A5FE3 /* [CP] Check Pods Manifest.lock */ = {
			isa = PBXShellScriptBuildPhase;
			buildActionMask = 2147483647;
			files = (
			);
			inputFileListPaths = (
			);
			inputPaths = (
				"${PODS_PODFILE_DIR_PATH}/Podfile.lock",
				"${PODS_ROOT}/Manifest.lock",
			);
			name = "[CP] Check Pods Manifest.lock";
			outputFileListPaths = (
			);
			outputPaths = (
				"$(DERIVED_FILE_DIR)/Pods-Phone Jail-checkManifestLockResult.txt",
			);
			runOnlyForDeploymentPostprocessing = 0;
			shellPath = /bin/sh;
			shellScript = "diff \"${PODS_PODFILE_DIR_PATH}/Podfile.lock\" \"${PODS_ROOT}/Manifest.lock\" > /dev/null\nif [ $? != 0 ] ; then\n    # print error to STDERR\n    echo \"error: The sandbox is not in sync with the Podfile.lock. Run 'pod install' or update your CocoaPods installation.\" >&2\n    exit 1\nfi\n# This output is used by Xcode 'outputs' to avoid re-running this script phase.\necho \"SUCCESS\" > \"${SCRIPT_OUTPUT_FILE_0}\"\n";
			showEnvVarsInLog = 0;
		};
/* End PBXShellScriptBuildPhase section */

/* Begin PBXSourcesBuildPhase section */
		A196BE4929493A18002A7C69 /* Sources */ = {
			isa = PBXSourcesBuildPhase;
			buildActionMask = 2147483647;
			files = (
				A196BE5B29493A18002A7C69 /* Phone_Jail.xcdatamodeld in Sources */,
				A196BEAE29493B6A002A7C69 /* PJUser.swift in Sources */,
				A196BE8E29493A9B002A7C69 /* SignUpViewController.swift in Sources */,
				A196BE9129493A9B002A7C69 /* JailViewController.swift in Sources */,
				A196BEB329493C4B002A7C69 /* Resources.swift in Sources */,
				A196BEA429493B0D002A7C69 /* CentralBTDelegateProtocol.swift in Sources */,
				A196BE8D29493A9B002A7C69 /* CreatePJSessionViewController.swift in Sources */,
				A196BEA829493B62002A7C69 /* PeripheralBTManager.swift in Sources */,
				A196BE8F29493A9B002A7C69 /* FirstViewController.swift in Sources */,
				A196BE5529493A18002A7C69 /* ViewController.swift in Sources */,
				A196BEAD29493B6A002A7C69 /* PJSession.swift in Sources */,
				A196BE5129493A18002A7C69 /* AppDelegate.swift in Sources */,
				A196BE9029493A9B002A7C69 /* JoinSessionViewController.swift in Sources */,
				A196BEA729493B62002A7C69 /* CentralBTManager.swift in Sources */,
				A196BE5329493A18002A7C69 /* SceneDelegate.swift in Sources */,
				A196BEB029493B71002A7C69 /* PJUserTableViewCell.swift in Sources */,
				A196BE9229493A9B002A7C69 /* AddJailMatesViewController.swift in Sources */,
				A196BE8C29493A9B002A7C69 /* MainViewController.swift in Sources */,
				A196BEAC29493B6A002A7C69 /* Keychain.swift in Sources */,
			);
			runOnlyForDeploymentPostprocessing = 0;
		};
		A196BE6229493A19002A7C69 /* Sources */ = {
			isa = PBXSourcesBuildPhase;
			buildActionMask = 2147483647;
			files = (
				A196BE6B29493A19002A7C69 /* Phone_JailTests.swift in Sources */,
			);
			runOnlyForDeploymentPostprocessing = 0;
		};
		A196BE6C29493A19002A7C69 /* Sources */ = {
			isa = PBXSourcesBuildPhase;
			buildActionMask = 2147483647;
			files = (
				A196BE7529493A19002A7C69 /* Phone_JailUITests.swift in Sources */,
				A196BE7729493A19002A7C69 /* Phone_JailUITestsLaunchTests.swift in Sources */,
			);
			runOnlyForDeploymentPostprocessing = 0;
		};
/* End PBXSourcesBuildPhase section */

/* Begin PBXTargetDependency section */
		A196BE6829493A19002A7C69 /* PBXTargetDependency */ = {
			isa = PBXTargetDependency;
			target = A196BE4C29493A18002A7C69 /* Phone Jail */;
			targetProxy = A196BE6729493A19002A7C69 /* PBXContainerItemProxy */;
		};
		A196BE7229493A19002A7C69 /* PBXTargetDependency */ = {
			isa = PBXTargetDependency;
			target = A196BE4C29493A18002A7C69 /* Phone Jail */;
			targetProxy = A196BE7129493A19002A7C69 /* PBXContainerItemProxy */;
		};
/* End PBXTargetDependency section */

/* Begin PBXVariantGroup section */
		A196BE5629493A18002A7C69 /* Main.storyboard */ = {
			isa = PBXVariantGroup;
			children = (
				A196BE5729493A18002A7C69 /* Base */,
			);
			name = Main.storyboard;
			sourceTree = "<group>";
		};
		A196BE5E29493A19002A7C69 /* LaunchScreen.storyboard */ = {
			isa = PBXVariantGroup;
			children = (
				A196BE5F29493A19002A7C69 /* Base */,
			);
			name = LaunchScreen.storyboard;
			sourceTree = "<group>";
		};
/* End PBXVariantGroup section */

/* Begin XCBuildConfiguration section */
		A196BE7829493A19002A7C69 /* Debug */ = {
			isa = XCBuildConfiguration;
			buildSettings = {
				ALWAYS_SEARCH_USER_PATHS = NO;
				CLANG_ANALYZER_NONNULL = YES;
				CLANG_ANALYZER_NUMBER_OBJECT_CONVERSION = YES_AGGRESSIVE;
				CLANG_CXX_LANGUAGE_STANDARD = "gnu++20";
				CLANG_ENABLE_MODULES = YES;
				CLANG_ENABLE_OBJC_ARC = YES;
				CLANG_ENABLE_OBJC_WEAK = YES;
				CLANG_WARN_BLOCK_CAPTURE_AUTORELEASING = YES;
				CLANG_WARN_BOOL_CONVERSION = YES;
				CLANG_WARN_COMMA = YES;
				CLANG_WARN_CONSTANT_CONVERSION = YES;
				CLANG_WARN_DEPRECATED_OBJC_IMPLEMENTATIONS = YES;
				CLANG_WARN_DIRECT_OBJC_ISA_USAGE = YES_ERROR;
				CLANG_WARN_DOCUMENTATION_COMMENTS = YES;
				CLANG_WARN_EMPTY_BODY = YES;
				CLANG_WARN_ENUM_CONVERSION = YES;
				CLANG_WARN_INFINITE_RECURSION = YES;
				CLANG_WARN_INT_CONVERSION = YES;
				CLANG_WARN_NON_LITERAL_NULL_CONVERSION = YES;
				CLANG_WARN_OBJC_IMPLICIT_RETAIN_SELF = YES;
				CLANG_WARN_OBJC_LITERAL_CONVERSION = YES;
				CLANG_WARN_OBJC_ROOT_CLASS = YES_ERROR;
				CLANG_WARN_QUOTED_INCLUDE_IN_FRAMEWORK_HEADER = YES;
				CLANG_WARN_RANGE_LOOP_ANALYSIS = YES;
				CLANG_WARN_STRICT_PROTOTYPES = YES;
				CLANG_WARN_SUSPICIOUS_MOVE = YES;
				CLANG_WARN_UNGUARDED_AVAILABILITY = YES_AGGRESSIVE;
				CLANG_WARN_UNREACHABLE_CODE = YES;
				CLANG_WARN__DUPLICATE_METHOD_MATCH = YES;
				COPY_PHASE_STRIP = NO;
				DEBUG_INFORMATION_FORMAT = dwarf;
				ENABLE_STRICT_OBJC_MSGSEND = YES;
				ENABLE_TESTABILITY = YES;
				GCC_C_LANGUAGE_STANDARD = gnu11;
				GCC_DYNAMIC_NO_PIC = NO;
				GCC_NO_COMMON_BLOCKS = YES;
				GCC_OPTIMIZATION_LEVEL = 0;
				GCC_PREPROCESSOR_DEFINITIONS = (
					"DEBUG=1",
					"$(inherited)",
				);
				GCC_WARN_64_TO_32_BIT_CONVERSION = YES;
				GCC_WARN_ABOUT_RETURN_TYPE = YES_ERROR;
				GCC_WARN_UNDECLARED_SELECTOR = YES;
				GCC_WARN_UNINITIALIZED_AUTOS = YES_AGGRESSIVE;
				GCC_WARN_UNUSED_FUNCTION = YES;
				GCC_WARN_UNUSED_VARIABLE = YES;
				IPHONEOS_DEPLOYMENT_TARGET = 16.1;
				MTL_ENABLE_DEBUG_INFO = INCLUDE_SOURCE;
				MTL_FAST_MATH = YES;
				ONLY_ACTIVE_ARCH = YES;
				SDKROOT = iphoneos;
				SWIFT_ACTIVE_COMPILATION_CONDITIONS = DEBUG;
				SWIFT_OPTIMIZATION_LEVEL = "-Onone";
			};
			name = Debug;
		};
		A196BE7929493A19002A7C69 /* Release */ = {
			isa = XCBuildConfiguration;
			buildSettings = {
				ALWAYS_SEARCH_USER_PATHS = NO;
				CLANG_ANALYZER_NONNULL = YES;
				CLANG_ANALYZER_NUMBER_OBJECT_CONVERSION = YES_AGGRESSIVE;
				CLANG_CXX_LANGUAGE_STANDARD = "gnu++20";
				CLANG_ENABLE_MODULES = YES;
				CLANG_ENABLE_OBJC_ARC = YES;
				CLANG_ENABLE_OBJC_WEAK = YES;
				CLANG_WARN_BLOCK_CAPTURE_AUTORELEASING = YES;
				CLANG_WARN_BOOL_CONVERSION = YES;
				CLANG_WARN_COMMA = YES;
				CLANG_WARN_CONSTANT_CONVERSION = YES;
				CLANG_WARN_DEPRECATED_OBJC_IMPLEMENTATIONS = YES;
				CLANG_WARN_DIRECT_OBJC_ISA_USAGE = YES_ERROR;
				CLANG_WARN_DOCUMENTATION_COMMENTS = YES;
				CLANG_WARN_EMPTY_BODY = YES;
				CLANG_WARN_ENUM_CONVERSION = YES;
				CLANG_WARN_INFINITE_RECURSION = YES;
				CLANG_WARN_INT_CONVERSION = YES;
				CLANG_WARN_NON_LITERAL_NULL_CONVERSION = YES;
				CLANG_WARN_OBJC_IMPLICIT_RETAIN_SELF = YES;
				CLANG_WARN_OBJC_LITERAL_CONVERSION = YES;
				CLANG_WARN_OBJC_ROOT_CLASS = YES_ERROR;
				CLANG_WARN_QUOTED_INCLUDE_IN_FRAMEWORK_HEADER = YES;
				CLANG_WARN_RANGE_LOOP_ANALYSIS = YES;
				CLANG_WARN_STRICT_PROTOTYPES = YES;
				CLANG_WARN_SUSPICIOUS_MOVE = YES;
				CLANG_WARN_UNGUARDED_AVAILABILITY = YES_AGGRESSIVE;
				CLANG_WARN_UNREACHABLE_CODE = YES;
				CLANG_WARN__DUPLICATE_METHOD_MATCH = YES;
				COPY_PHASE_STRIP = NO;
				DEBUG_INFORMATION_FORMAT = "dwarf-with-dsym";
				ENABLE_NS_ASSERTIONS = NO;
				ENABLE_STRICT_OBJC_MSGSEND = YES;
				GCC_C_LANGUAGE_STANDARD = gnu11;
				GCC_NO_COMMON_BLOCKS = YES;
				GCC_WARN_64_TO_32_BIT_CONVERSION = YES;
				GCC_WARN_ABOUT_RETURN_TYPE = YES_ERROR;
				GCC_WARN_UNDECLARED_SELECTOR = YES;
				GCC_WARN_UNINITIALIZED_AUTOS = YES_AGGRESSIVE;
				GCC_WARN_UNUSED_FUNCTION = YES;
				GCC_WARN_UNUSED_VARIABLE = YES;
				IPHONEOS_DEPLOYMENT_TARGET = 16.1;
				MTL_ENABLE_DEBUG_INFO = NO;
				MTL_FAST_MATH = YES;
				SDKROOT = iphoneos;
				SWIFT_COMPILATION_MODE = wholemodule;
				SWIFT_OPTIMIZATION_LEVEL = "-O";
				VALIDATE_PRODUCT = YES;
			};
			name = Release;
		};
		A196BE7B29493A19002A7C69 /* Debug */ = {
			isa = XCBuildConfiguration;
			baseConfigurationReference = B97C211AE9458C220B6DBC80 /* Pods-Phone Jail.debug.xcconfig */;
			buildSettings = {
				ASSETCATALOG_COMPILER_APPICON_NAME = AppIcon;
				ASSETCATALOG_COMPILER_GLOBAL_ACCENT_COLOR_NAME = AccentColor;
				CODE_SIGN_ENTITLEMENTS = "Phone Jail/Phone Jail.entitlements";
				CODE_SIGN_STYLE = Automatic;
				CURRENT_PROJECT_VERSION = 1;
				DEVELOPMENT_TEAM = "";
				GENERATE_INFOPLIST_FILE = YES;
				INFOPLIST_FILE = "Phone Jail/Info.plist";
				INFOPLIST_KEY_UIApplicationSupportsIndirectInputEvents = YES;
				INFOPLIST_KEY_UILaunchStoryboardName = LaunchScreen;
				INFOPLIST_KEY_UIMainStoryboardFile = Main;
				INFOPLIST_KEY_UISupportedInterfaceOrientations_iPad = "UIInterfaceOrientationPortrait UIInterfaceOrientationPortraitUpsideDown UIInterfaceOrientationLandscapeLeft UIInterfaceOrientationLandscapeRight";
				INFOPLIST_KEY_UISupportedInterfaceOrientations_iPhone = "UIInterfaceOrientationPortrait UIInterfaceOrientationLandscapeLeft UIInterfaceOrientationLandscapeRight";
				LD_RUNPATH_SEARCH_PATHS = (
					"$(inherited)",
					"@executable_path/Frameworks",
				);
				MARKETING_VERSION = 1.0;
				PRODUCT_BUNDLE_IDENTIFIER = "villegas.ventures.Phone-Jail";
				PRODUCT_NAME = "$(TARGET_NAME)";
				SWIFT_EMIT_LOC_STRINGS = YES;
				SWIFT_VERSION = 5.0;
				TARGETED_DEVICE_FAMILY = "1,2";
			};
			name = Debug;
		};
		A196BE7C29493A19002A7C69 /* Release */ = {
			isa = XCBuildConfiguration;
			baseConfigurationReference = 92D55EEB2F721323EBD5739A /* Pods-Phone Jail.release.xcconfig */;
			buildSettings = {
				ASSETCATALOG_COMPILER_APPICON_NAME = AppIcon;
				ASSETCATALOG_COMPILER_GLOBAL_ACCENT_COLOR_NAME = AccentColor;
				CODE_SIGN_ENTITLEMENTS = "Phone Jail/Phone Jail.entitlements";
				CODE_SIGN_STYLE = Automatic;
				CURRENT_PROJECT_VERSION = 1;
				DEVELOPMENT_TEAM = "";
				GENERATE_INFOPLIST_FILE = YES;
				INFOPLIST_FILE = "Phone Jail/Info.plist";
				INFOPLIST_KEY_UIApplicationSupportsIndirectInputEvents = YES;
				INFOPLIST_KEY_UILaunchStoryboardName = LaunchScreen;
				INFOPLIST_KEY_UIMainStoryboardFile = Main;
				INFOPLIST_KEY_UISupportedInterfaceOrientations_iPad = "UIInterfaceOrientationPortrait UIInterfaceOrientationPortraitUpsideDown UIInterfaceOrientationLandscapeLeft UIInterfaceOrientationLandscapeRight";
				INFOPLIST_KEY_UISupportedInterfaceOrientations_iPhone = "UIInterfaceOrientationPortrait UIInterfaceOrientationLandscapeLeft UIInterfaceOrientationLandscapeRight";
				LD_RUNPATH_SEARCH_PATHS = (
					"$(inherited)",
					"@executable_path/Frameworks",
				);
				MARKETING_VERSION = 1.0;
				PRODUCT_BUNDLE_IDENTIFIER = "villegas.ventures.Phone-Jail";
				PRODUCT_NAME = "$(TARGET_NAME)";
				SWIFT_EMIT_LOC_STRINGS = YES;
				SWIFT_VERSION = 5.0;
				TARGETED_DEVICE_FAMILY = "1,2";
			};
			name = Release;
		};
		A196BE7E29493A19002A7C69 /* Debug */ = {
			isa = XCBuildConfiguration;
			buildSettings = {
				ALWAYS_EMBED_SWIFT_STANDARD_LIBRARIES = YES;
				BUNDLE_LOADER = "$(TEST_HOST)";
				CODE_SIGN_STYLE = Automatic;
				CURRENT_PROJECT_VERSION = 1;
				DEVELOPMENT_TEAM = TC886WC3WY;
				GENERATE_INFOPLIST_FILE = YES;
				IPHONEOS_DEPLOYMENT_TARGET = 16.1;
				MARKETING_VERSION = 1.0;
				PRODUCT_BUNDLE_IDENTIFIER = "villegas.ventures.Phone-JailTests";
				PRODUCT_NAME = "$(TARGET_NAME)";
				SWIFT_EMIT_LOC_STRINGS = NO;
				SWIFT_VERSION = 5.0;
				TARGETED_DEVICE_FAMILY = "1,2";
				TEST_HOST = "$(BUILT_PRODUCTS_DIR)/Phone Jail.app/$(BUNDLE_EXECUTABLE_FOLDER_PATH)/Phone Jail";
			};
			name = Debug;
		};
		A196BE7F29493A19002A7C69 /* Release */ = {
			isa = XCBuildConfiguration;
			buildSettings = {
				ALWAYS_EMBED_SWIFT_STANDARD_LIBRARIES = YES;
				BUNDLE_LOADER = "$(TEST_HOST)";
				CODE_SIGN_STYLE = Automatic;
				CURRENT_PROJECT_VERSION = 1;
				DEVELOPMENT_TEAM = TC886WC3WY;
				GENERATE_INFOPLIST_FILE = YES;
				IPHONEOS_DEPLOYMENT_TARGET = 16.1;
				MARKETING_VERSION = 1.0;
				PRODUCT_BUNDLE_IDENTIFIER = "villegas.ventures.Phone-JailTests";
				PRODUCT_NAME = "$(TARGET_NAME)";
				SWIFT_EMIT_LOC_STRINGS = NO;
				SWIFT_VERSION = 5.0;
				TARGETED_DEVICE_FAMILY = "1,2";
				TEST_HOST = "$(BUILT_PRODUCTS_DIR)/Phone Jail.app/$(BUNDLE_EXECUTABLE_FOLDER_PATH)/Phone Jail";
			};
			name = Release;
		};
		A196BE8129493A19002A7C69 /* Debug */ = {
			isa = XCBuildConfiguration;
			buildSettings = {
				ALWAYS_EMBED_SWIFT_STANDARD_LIBRARIES = YES;
				CODE_SIGN_STYLE = Automatic;
				CURRENT_PROJECT_VERSION = 1;
				DEVELOPMENT_TEAM = TC886WC3WY;
				GENERATE_INFOPLIST_FILE = YES;
				MARKETING_VERSION = 1.0;
				PRODUCT_BUNDLE_IDENTIFIER = "villegas.ventures.Phone-JailUITests";
				PRODUCT_NAME = "$(TARGET_NAME)";
				SWIFT_EMIT_LOC_STRINGS = NO;
				SWIFT_VERSION = 5.0;
				TARGETED_DEVICE_FAMILY = "1,2";
				TEST_TARGET_NAME = "Phone Jail";
			};
			name = Debug;
		};
		A196BE8229493A19002A7C69 /* Release */ = {
			isa = XCBuildConfiguration;
			buildSettings = {
				ALWAYS_EMBED_SWIFT_STANDARD_LIBRARIES = YES;
				CODE_SIGN_STYLE = Automatic;
				CURRENT_PROJECT_VERSION = 1;
				DEVELOPMENT_TEAM = TC886WC3WY;
				GENERATE_INFOPLIST_FILE = YES;
				MARKETING_VERSION = 1.0;
				PRODUCT_BUNDLE_IDENTIFIER = "villegas.ventures.Phone-JailUITests";
				PRODUCT_NAME = "$(TARGET_NAME)";
				SWIFT_EMIT_LOC_STRINGS = NO;
				SWIFT_VERSION = 5.0;
				TARGETED_DEVICE_FAMILY = "1,2";
				TEST_TARGET_NAME = "Phone Jail";
			};
			name = Release;
		};
/* End XCBuildConfiguration section */

/* Begin XCConfigurationList section */
		A196BE4829493A18002A7C69 /* Build configuration list for PBXProject "Phone Jail" */ = {
			isa = XCConfigurationList;
			buildConfigurations = (
				A196BE7829493A19002A7C69 /* Debug */,
				A196BE7929493A19002A7C69 /* Release */,
			);
			defaultConfigurationIsVisible = 0;
			defaultConfigurationName = Release;
		};
		A196BE7A29493A19002A7C69 /* Build configuration list for PBXNativeTarget "Phone Jail" */ = {
			isa = XCConfigurationList;
			buildConfigurations = (
				A196BE7B29493A19002A7C69 /* Debug */,
				A196BE7C29493A19002A7C69 /* Release */,
			);
			defaultConfigurationIsVisible = 0;
			defaultConfigurationName = Release;
		};
		A196BE7D29493A19002A7C69 /* Build configuration list for PBXNativeTarget "Phone JailTests" */ = {
			isa = XCConfigurationList;
			buildConfigurations = (
				A196BE7E29493A19002A7C69 /* Debug */,
				A196BE7F29493A19002A7C69 /* Release */,
			);
			defaultConfigurationIsVisible = 0;
			defaultConfigurationName = Release;
		};
		A196BE8029493A19002A7C69 /* Build configuration list for PBXNativeTarget "Phone JailUITests" */ = {
			isa = XCConfigurationList;
			buildConfigurations = (
				A196BE8129493A19002A7C69 /* Debug */,
				A196BE8229493A19002A7C69 /* Release */,
			);
			defaultConfigurationIsVisible = 0;
			defaultConfigurationName = Release;
		};
/* End XCConfigurationList section */

/* Begin XCVersionGroup section */
		A196BE5929493A18002A7C69 /* Phone_Jail.xcdatamodeld */ = {
			isa = XCVersionGroup;
			children = (
				A196BE5A29493A18002A7C69 /* Phone_Jail.xcdatamodel */,
			);
			currentVersion = A196BE5A29493A18002A7C69 /* Phone_Jail.xcdatamodel */;
			path = Phone_Jail.xcdatamodeld;
			sourceTree = "<group>";
			versionGroupType = wrapper.xcdatamodel;
		};
/* End XCVersionGroup section */
	};
	rootObject = A196BE4529493A18002A7C69 /* Project object */;
}
